
Microsoft Visual Studio Solution File, Format Version 12.00
# Visual Studio 15
VisualStudioVersion = 15.0.28307.1062
MinimumVisualStudioVersion = 10.0.40219.1
Project("{9A19103F-16F7-4668-BE54-9A1E7A4F7556}") = "PlaygroundApp", "PlaygroundApp\PlaygroundApp.csproj", "{411E5963-8B7D-4C61-ADE8-02539925CA3B}"
EndProject
Global
	GlobalSection(SolutionConfigurationPlatforms) = preSolution
		Debug|Any CPU = Debug|Any CPU
		Release|Any CPU = Release|Any CPU
	EndGlobalSection
	GlobalSection(ProjectConfigurationPlatforms) = postSolution
		{411E5963-8B7D-4C61-ADE8-02539925CA3B}.Debug|Any CPU.ActiveCfg = Debug|Any CPU
		{411E5963-8B7D-4C61-ADE8-02539925CA3B}.Debug|Any CPU.Build.0 = Debug|Any CPU
		{411E5963-8B7D-4C61-ADE8-02539925CA3B}.Release|Any CPU.ActiveCfg = Release|Any CPU
		{411E5963-8B7D-4C61-ADE8-02539925CA3B}.Release|Any CPU.Build.0 = Release|Any CPU
	EndGlobalSection
	GlobalSection(SolutionProperties) = preSolution
		HideSolutionNode = FALSE
	EndGlobalSection
	GlobalSection(ExtensibilityGlobals) = postSolution
		SolutionGuid = {11BFEDAE-4346-4680-8D00-40D5BE9AF8A9}
	EndGlobalSection
EndGlobal
